// !$*UTF8*$!
{
	archiveVersion = 1;
	classes = {
	};
	objectVersion = 56;
	objects = {

/* Begin PBXBuildFile section */
		095C65D329DEE4FC00162462 /* Color.swift in Sources */ = {isa = PBXBuildFile; fileRef = 095C65D229DEE4FC00162462 /* Color.swift */; };
		0971197429D95E9E00D00134 /* Transaction.swift in Sources */ = {isa = PBXBuildFile; fileRef = 0971197329D95E9E00D00134 /* Transaction.swift */; };
		0971197629D95F7200D00134 /* TransactionListViewModel.swift in Sources */ = {isa = PBXBuildFile; fileRef = 0971197529D95F7200D00134 /* TransactionListViewModel.swift */; };
		0971197829D9607400D00134 /* TransactionList.swift in Sources */ = {isa = PBXBuildFile; fileRef = 0971197729D9607400D00134 /* TransactionList.swift */; };
		0971197C29D99E7C00D00134 /* TransactionListView.swift in Sources */ = {isa = PBXBuildFile; fileRef = 0971197B29D99E7C00D00134 /* TransactionListView.swift */; };
		0971197E29D99FBA00D00134 /* TransactionListItemView.swift in Sources */ = {isa = PBXBuildFile; fileRef = 0971197D29D99FBA00D00134 /* TransactionListItemView.swift */; };
		0971198029D9A1C600D00134 /* PBTransactions.json in Resources */ = {isa = PBXBuildFile; fileRef = 0971197F29D9A1C600D00134 /* PBTransactions.json */; };
		0971198329D9B01500D00134 /* BannerViewModifier.swift in Sources */ = {isa = PBXBuildFile; fileRef = 0971198229D9B01500D00134 /* BannerViewModifier.swift */; };
		09A939FB29DB13BC00527841 /* TransactionDetailsView.swift in Sources */ = {isa = PBXBuildFile; fileRef = 09A939FA29DB13BC00527841 /* TransactionDetailsView.swift */; };
		09D02D5229D9599E0075198D /* PaybackApp.swift in Sources */ = {isa = PBXBuildFile; fileRef = 09D02D5129D9599E0075198D /* PaybackApp.swift */; };
		09D02D5629D9599F0075198D /* Assets.xcassets in Resources */ = {isa = PBXBuildFile; fileRef = 09D02D5529D9599F0075198D /* Assets.xcassets */; };
		09D02D5929D9599F0075198D /* Preview Assets.xcassets in Resources */ = {isa = PBXBuildFile; fileRef = 09D02D5829D9599F0075198D /* Preview Assets.xcassets */; };
		09D02D6329D9599F0075198D /* PaybackTests.swift in Sources */ = {isa = PBXBuildFile; fileRef = 09D02D6229D9599F0075198D /* PaybackTests.swift */; };
/* End PBXBuildFile section */

/* Begin PBXContainerItemProxy section */
		09D02D5F29D9599F0075198D /* PBXContainerItemProxy */ = {
			isa = PBXContainerItemProxy;
			containerPortal = 09D02D4629D9599E0075198D /* Project object */;
			proxyType = 1;
			remoteGlobalIDString = 09D02D4D29D9599E0075198D;
			remoteInfo = Payback;
		};
/* End PBXContainerItemProxy section */

/* Begin PBXFileReference section */
		095C65D229DEE4FC00162462 /* Color.swift */ = {isa = PBXFileReference; lastKnownFileType = sourcecode.swift; path = Color.swift; sourceTree = "<group>"; };
		0971197329D95E9E00D00134 /* Transaction.swift */ = {isa = PBXFileReference; lastKnownFileType = sourcecode.swift; path = Transaction.swift; sourceTree = "<group>"; };
		0971197529D95F7200D00134 /* TransactionListViewModel.swift */ = {isa = PBXFileReference; lastKnownFileType = sourcecode.swift; path = TransactionListViewModel.swift; sourceTree = "<group>"; };
		0971197729D9607400D00134 /* TransactionList.swift */ = {isa = PBXFileReference; lastKnownFileType = sourcecode.swift; path = TransactionList.swift; sourceTree = "<group>"; };
		0971197B29D99E7C00D00134 /* TransactionListView.swift */ = {isa = PBXFileReference; lastKnownFileType = sourcecode.swift; path = TransactionListView.swift; sourceTree = "<group>"; };
		0971197D29D99FBA00D00134 /* TransactionListItemView.swift */ = {isa = PBXFileReference; lastKnownFileType = sourcecode.swift; path = TransactionListItemView.swift; sourceTree = "<group>"; };
		0971197F29D9A1C600D00134 /* PBTransactions.json */ = {isa = PBXFileReference; fileEncoding = 4; lastKnownFileType = text.json; path = PBTransactions.json; sourceTree = SOURCE_ROOT; };
		0971198229D9B01500D00134 /* BannerViewModifier.swift */ = {isa = PBXFileReference; lastKnownFileType = sourcecode.swift; path = BannerViewModifier.swift; sourceTree = "<group>"; };
		09A939FA29DB13BC00527841 /* TransactionDetailsView.swift */ = {isa = PBXFileReference; lastKnownFileType = sourcecode.swift; path = TransactionDetailsView.swift; sourceTree = "<group>"; };
		09D02D4E29D9599E0075198D /* Payback.app */ = {isa = PBXFileReference; explicitFileType = wrapper.application; includeInIndex = 0; path = Payback.app; sourceTree = BUILT_PRODUCTS_DIR; };
		09D02D5129D9599E0075198D /* PaybackApp.swift */ = {isa = PBXFileReference; lastKnownFileType = sourcecode.swift; path = PaybackApp.swift; sourceTree = "<group>"; };
		09D02D5529D9599F0075198D /* Assets.xcassets */ = {isa = PBXFileReference; lastKnownFileType = folder.assetcatalog; path = Assets.xcassets; sourceTree = "<group>"; };
		09D02D5829D9599F0075198D /* Preview Assets.xcassets */ = {isa = PBXFileReference; lastKnownFileType = folder.assetcatalog; path = "Preview Assets.xcassets"; sourceTree = "<group>"; };
		09D02D5E29D9599F0075198D /* PaybackTests.xctest */ = {isa = PBXFileReference; explicitFileType = wrapper.cfbundle; includeInIndex = 0; path = PaybackTests.xctest; sourceTree = BUILT_PRODUCTS_DIR; };
		09D02D6229D9599F0075198D /* PaybackTests.swift */ = {isa = PBXFileReference; lastKnownFileType = sourcecode.swift; path = PaybackTests.swift; sourceTree = "<group>"; };
/* End PBXFileReference section */

/* Begin PBXFrameworksBuildPhase section */
		09D02D4B29D9599E0075198D /* Frameworks */ = {
			isa = PBXFrameworksBuildPhase;
			buildActionMask = 2147483647;
			files = (
			);
			runOnlyForDeploymentPostprocessing = 0;
		};
		09D02D5B29D9599F0075198D /* Frameworks */ = {
			isa = PBXFrameworksBuildPhase;
			buildActionMask = 2147483647;
			files = (
			);
			runOnlyForDeploymentPostprocessing = 0;
		};
/* End PBXFrameworksBuildPhase section */

/* Begin PBXGroup section */
		095C65D129DEE4E400162462 /* Appearance */ = {
			isa = PBXGroup;
			children = (
				095C65D229DEE4FC00162462 /* Color.swift */,
			);
			path = Appearance;
			sourceTree = "<group>";
		};
		0971196E29D95D4600D00134 /* Service */ = {
			isa = PBXGroup;
			children = (
			);
			path = Service;
			sourceTree = "<group>";
		};
		0971196F29D95D5600D00134 /* Model */ = {
			isa = PBXGroup;
			children = (
				0971197329D95E9E00D00134 /* Transaction.swift */,
				0971197729D9607400D00134 /* TransactionList.swift */,
			);
			path = Model;
			sourceTree = "<group>";
		};
		0971197029D95D6C00D00134 /* ViewModel */ = {
			isa = PBXGroup;
			children = (
				0971197529D95F7200D00134 /* TransactionListViewModel.swift */,
			);
			path = ViewModel;
			sourceTree = "<group>";
		};
		0971197129D95D7D00D00134 /* Scene */ = {
			isa = PBXGroup;
			children = (
				0971197929D99C8500D00134 /* TransactionList */,
				0971197A29D99C8F00D00134 /* TransactionDetails */,
			);
			path = Scene;
			sourceTree = "<group>";
		};
		0971197229D95D9300D00134 /* Helper */ = {
			isa = PBXGroup;
			children = (
				0971198129D9AFFB00D00134 /* View */,
			);
			path = Helper;
			sourceTree = "<group>";
		};
		0971197929D99C8500D00134 /* TransactionList */ = {
			isa = PBXGroup;
			children = (
				0971197B29D99E7C00D00134 /* TransactionListView.swift */,
				0971197D29D99FBA00D00134 /* TransactionListItemView.swift */,
			);
			path = TransactionList;
			sourceTree = "<group>";
		};
		0971197A29D99C8F00D00134 /* TransactionDetails */ = {
			isa = PBXGroup;
			children = (
				09A939FA29DB13BC00527841 /* TransactionDetailsView.swift */,
			);
			path = TransactionDetails;
			sourceTree = "<group>";
		};
		0971198129D9AFFB00D00134 /* View */ = {
			isa = PBXGroup;
			children = (
				0971198229D9B01500D00134 /* BannerViewModifier.swift */,
			);
			path = View;
			sourceTree = "<group>";
		};
		09D02D4529D9599E0075198D = {
			isa = PBXGroup;
			children = (
				09D02D5029D9599E0075198D /* Payback */,
				09D02D6129D9599F0075198D /* PaybackTests */,
				09D02D4F29D9599E0075198D /* Products */,
			);
			sourceTree = "<group>";
		};
		09D02D4F29D9599E0075198D /* Products */ = {
			isa = PBXGroup;
			children = (
				09D02D4E29D9599E0075198D /* Payback.app */,
				09D02D5E29D9599F0075198D /* PaybackTests.xctest */,
			);
			name = Products;
			sourceTree = "<group>";
		};
		09D02D5029D9599E0075198D /* Payback */ = {
			isa = PBXGroup;
			children = (
				09D02D5129D9599E0075198D /* PaybackApp.swift */,
				095C65D129DEE4E400162462 /* Appearance */,
				0971196E29D95D4600D00134 /* Service */,
				0971196F29D95D5600D00134 /* Model */,
				0971197029D95D6C00D00134 /* ViewModel */,
				0971197129D95D7D00D00134 /* Scene */,
				0971197229D95D9300D00134 /* Helper */,
				09D02D5529D9599F0075198D /* Assets.xcassets */,
				09D02D5729D9599F0075198D /* Preview Content */,
			);
			path = Payback;
			sourceTree = "<group>";
		};
		09D02D5729D9599F0075198D /* Preview Content */ = {
			isa = PBXGroup;
			children = (
				09D02D5829D9599F0075198D /* Preview Assets.xcassets */,
				0971197F29D9A1C600D00134 /* PBTransactions.json */,
			);
			path = "Preview Content";
			sourceTree = "<group>";
		};
		09D02D6129D9599F0075198D /* PaybackTests */ = {
			isa = PBXGroup;
			children = (
				09D02D6229D9599F0075198D /* PaybackTests.swift */,
			);
			path = PaybackTests;
			sourceTree = "<group>";
		};
/* End PBXGroup section */

/* Begin PBXNativeTarget section */
		09D02D4D29D9599E0075198D /* Payback */ = {
			isa = PBXNativeTarget;
			buildConfigurationList = 09D02D7229D9599F0075198D /* Build configuration list for PBXNativeTarget "Payback" */;
			buildPhases = (
				09D02D4A29D9599E0075198D /* Sources */,
				09D02D4B29D9599E0075198D /* Frameworks */,
				09D02D4C29D9599E0075198D /* Resources */,
			);
			buildRules = (
			);
			dependencies = (
			);
			name = Payback;
			productName = Payback;
			productReference = 09D02D4E29D9599E0075198D /* Payback.app */;
			productType = "com.apple.product-type.application";
		};
		09D02D5D29D9599F0075198D /* PaybackTests */ = {
			isa = PBXNativeTarget;
			buildConfigurationList = 09D02D7529D9599F0075198D /* Build configuration list for PBXNativeTarget "PaybackTests" */;
			buildPhases = (
				09D02D5A29D9599F0075198D /* Sources */,
				09D02D5B29D9599F0075198D /* Frameworks */,
				09D02D5C29D9599F0075198D /* Resources */,
			);
			buildRules = (
			);
			dependencies = (
				09D02D6029D9599F0075198D /* PBXTargetDependency */,
			);
			name = PaybackTests;
			productName = PaybackTests;
			productReference = 09D02D5E29D9599F0075198D /* PaybackTests.xctest */;
			productType = "com.apple.product-type.bundle.unit-test";
		};
/* End PBXNativeTarget section */

/* Begin PBXProject section */
		09D02D4629D9599E0075198D /* Project object */ = {
			isa = PBXProject;
			attributes = {
				BuildIndependentTargetsInParallel = 1;
				LastSwiftUpdateCheck = 1430;
				LastUpgradeCheck = 1430;
				TargetAttributes = {
					09D02D4D29D9599E0075198D = {
						CreatedOnToolsVersion = 14.3;
					};
					09D02D5D29D9599F0075198D = {
						CreatedOnToolsVersion = 14.3;
						TestTargetID = 09D02D4D29D9599E0075198D;
					};
				};
			};
			buildConfigurationList = 09D02D4929D9599E0075198D /* Build configuration list for PBXProject "Payback" */;
			compatibilityVersion = "Xcode 14.0";
			developmentRegion = en;
			hasScannedForEncodings = 0;
			knownRegions = (
				en,
				Base,
			);
			mainGroup = 09D02D4529D9599E0075198D;
			productRefGroup = 09D02D4F29D9599E0075198D /* Products */;
			projectDirPath = "";
			projectRoot = "";
			targets = (
				09D02D4D29D9599E0075198D /* Payback */,
				09D02D5D29D9599F0075198D /* PaybackTests */,
			);
		};
/* End PBXProject section */

/* Begin PBXResourcesBuildPhase section */
		09D02D4C29D9599E0075198D /* Resources */ = {
			isa = PBXResourcesBuildPhase;
			buildActionMask = 2147483647;
			files = (
				09D02D5929D9599F0075198D /* Preview Assets.xcassets in Resources */,
				0971198029D9A1C600D00134 /* PBTransactions.json in Resources */,
				09D02D5629D9599F0075198D /* Assets.xcassets in Resources */,
			);
			runOnlyForDeploymentPostprocessing = 0;
		};
		09D02D5C29D9599F0075198D /* Resources */ = {
			isa = PBXResourcesBuildPhase;
			buildActionMask = 2147483647;
			files = (
			);
			runOnlyForDeploymentPostprocessing = 0;
		};
/* End PBXResourcesBuildPhase section */

/* Begin PBXSourcesBuildPhase section */
		09D02D4A29D9599E0075198D /* Sources */ = {
			isa = PBXSourcesBuildPhase;
			buildActionMask = 2147483647;
			files = (
				0971198329D9B01500D00134 /* BannerViewModifier.swift in Sources */,
				0971197829D9607400D00134 /* TransactionList.swift in Sources */,
				09D02D5229D9599E0075198D /* PaybackApp.swift in Sources */,
				0971197429D95E9E00D00134 /* Transaction.swift in Sources */,
				0971197629D95F7200D00134 /* TransactionListViewModel.swift in Sources */,
				0971197E29D99FBA00D00134 /* TransactionListItemView.swift in Sources */,
				09A939FB29DB13BC00527841 /* TransactionDetailsView.swift in Sources */,
				0971197C29D99E7C00D00134 /* TransactionListView.swift in Sources */,
				095C65D329DEE4FC00162462 /* Color.swift in Sources */,
			);
			runOnlyForDeploymentPostprocessing = 0;
		};
		09D02D5A29D9599F0075198D /* Sources */ = {
			isa = PBXSourcesBuildPhase;
			buildActionMask = 2147483647;
			files = (
				09D02D6329D9599F0075198D /* PaybackTests.swift in Sources */,
			);
			runOnlyForDeploymentPostprocessing = 0;
		};
/* End PBXSourcesBuildPhase section */

/* Begin PBXTargetDependency section */
		09D02D6029D9599F0075198D /* PBXTargetDependency */ = {
			isa = PBXTargetDependency;
			target = 09D02D4D29D9599E0075198D /* Payback */;
			targetProxy = 09D02D5F29D9599F0075198D /* PBXContainerItemProxy */;
		};
/* End PBXTargetDependency section */

/* Begin XCBuildConfiguration section */
		09D02D7029D9599F0075198D /* Debug */ = {
			isa = XCBuildConfiguration;
			buildSettings = {
				ALWAYS_SEARCH_USER_PATHS = NO;
				CLANG_ANALYZER_NONNULL = YES;
				CLANG_ANALYZER_NUMBER_OBJECT_CONVERSION = YES_AGGRESSIVE;
				CLANG_CXX_LANGUAGE_STANDARD = "gnu++20";
				CLANG_ENABLE_MODULES = YES;
				CLANG_ENABLE_OBJC_ARC = YES;
				CLANG_ENABLE_OBJC_WEAK = YES;
				CLANG_WARN_BLOCK_CAPTURE_AUTORELEASING = YES;
				CLANG_WARN_BOOL_CONVERSION = YES;
				CLANG_WARN_COMMA = YES;
				CLANG_WARN_CONSTANT_CONVERSION = YES;
				CLANG_WARN_DEPRECATED_OBJC_IMPLEMENTATIONS = YES;
				CLANG_WARN_DIRECT_OBJC_ISA_USAGE = YES_ERROR;
				CLANG_WARN_DOCUMENTATION_COMMENTS = YES;
				CLANG_WARN_EMPTY_BODY = YES;
				CLANG_WARN_ENUM_CONVERSION = YES;
				CLANG_WARN_INFINITE_RECURSION = YES;
				CLANG_WARN_INT_CONVERSION = YES;
				CLANG_WARN_NON_LITERAL_NULL_CONVERSION = YES;
				CLANG_WARN_OBJC_IMPLICIT_RETAIN_SELF = YES;
				CLANG_WARN_OBJC_LITERAL_CONVERSION = YES;
				CLANG_WARN_OBJC_ROOT_CLASS = YES_ERROR;
				CLANG_WARN_QUOTED_INCLUDE_IN_FRAMEWORK_HEADER = YES;
				CLANG_WARN_RANGE_LOOP_ANALYSIS = YES;
				CLANG_WARN_STRICT_PROTOTYPES = YES;
				CLANG_WARN_SUSPICIOUS_MOVE = YES;
				CLANG_WARN_UNGUARDED_AVAILABILITY = YES_AGGRESSIVE;
				CLANG_WARN_UNREACHABLE_CODE = YES;
				CLANG_WARN__DUPLICATE_METHOD_MATCH = YES;
				COPY_PHASE_STRIP = NO;
				DEBUG_INFORMATION_FORMAT = dwarf;
				ENABLE_STRICT_OBJC_MSGSEND = YES;
				ENABLE_TESTABILITY = YES;
				GCC_C_LANGUAGE_STANDARD = gnu11;
				GCC_DYNAMIC_NO_PIC = NO;
				GCC_NO_COMMON_BLOCKS = YES;
				GCC_OPTIMIZATION_LEVEL = 0;
				GCC_PREPROCESSOR_DEFINITIONS = (
					"DEBUG=1",
					"$(inherited)",
				);
				GCC_WARN_64_TO_32_BIT_CONVERSION = YES;
				GCC_WARN_ABOUT_RETURN_TYPE = YES_ERROR;
				GCC_WARN_UNDECLARED_SELECTOR = YES;
				GCC_WARN_UNINITIALIZED_AUTOS = YES_AGGRESSIVE;
				GCC_WARN_UNUSED_FUNCTION = YES;
				GCC_WARN_UNUSED_VARIABLE = YES;
				IPHONEOS_DEPLOYMENT_TARGET = 16.4;
				MTL_ENABLE_DEBUG_INFO = INCLUDE_SOURCE;
				MTL_FAST_MATH = YES;
				ONLY_ACTIVE_ARCH = YES;
				SDKROOT = iphoneos;
				SWIFT_ACTIVE_COMPILATION_CONDITIONS = DEBUG;
				SWIFT_OPTIMIZATION_LEVEL = "-Onone";
			};
			name = Debug;
		};
		09D02D7129D9599F0075198D /* Release */ = {
			isa = XCBuildConfiguration;
			buildSettings = {
				ALWAYS_SEARCH_USER_PATHS = NO;
				CLANG_ANALYZER_NONNULL = YES;
				CLANG_ANALYZER_NUMBER_OBJECT_CONVERSION = YES_AGGRESSIVE;
				CLANG_CXX_LANGUAGE_STANDARD = "gnu++20";
				CLANG_ENABLE_MODULES = YES;
				CLANG_ENABLE_OBJC_ARC = YES;
				CLANG_ENABLE_OBJC_WEAK = YES;
				CLANG_WARN_BLOCK_CAPTURE_AUTORELEASING = YES;
				CLANG_WARN_BOOL_CONVERSION = YES;
				CLANG_WARN_COMMA = YES;
				CLANG_WARN_CONSTANT_CONVERSION = YES;
				CLANG_WARN_DEPRECATED_OBJC_IMPLEMENTATIONS = YES;
				CLANG_WARN_DIRECT_OBJC_ISA_USAGE = YES_ERROR;
				CLANG_WARN_DOCUMENTATION_COMMENTS = YES;
				CLANG_WARN_EMPTY_BODY = YES;
				CLANG_WARN_ENUM_CONVERSION = YES;
				CLANG_WARN_INFINITE_RECURSION = YES;
				CLANG_WARN_INT_CONVERSION = YES;
				CLANG_WARN_NON_LITERAL_NULL_CONVERSION = YES;
				CLANG_WARN_OBJC_IMPLICIT_RETAIN_SELF = YES;
				CLANG_WARN_OBJC_LITERAL_CONVERSION = YES;
				CLANG_WARN_OBJC_ROOT_CLASS = YES_ERROR;
				CLANG_WARN_QUOTED_INCLUDE_IN_FRAMEWORK_HEADER = YES;
				CLANG_WARN_RANGE_LOOP_ANALYSIS = YES;
				CLANG_WARN_STRICT_PROTOTYPES = YES;
				CLANG_WARN_SUSPICIOUS_MOVE = YES;
				CLANG_WARN_UNGUARDED_AVAILABILITY = YES_AGGRESSIVE;
				CLANG_WARN_UNREACHABLE_CODE = YES;
				CLANG_WARN__DUPLICATE_METHOD_MATCH = YES;
				COPY_PHASE_STRIP = NO;
				DEBUG_INFORMATION_FORMAT = "dwarf-with-dsym";
				ENABLE_NS_ASSERTIONS = NO;
				ENABLE_STRICT_OBJC_MSGSEND = YES;
				GCC_C_LANGUAGE_STANDARD = gnu11;
				GCC_NO_COMMON_BLOCKS = YES;
				GCC_WARN_64_TO_32_BIT_CONVERSION = YES;
				GCC_WARN_ABOUT_RETURN_TYPE = YES_ERROR;
				GCC_WARN_UNDECLARED_SELECTOR = YES;
				GCC_WARN_UNINITIALIZED_AUTOS = YES_AGGRESSIVE;
				GCC_WARN_UNUSED_FUNCTION = YES;
				GCC_WARN_UNUSED_VARIABLE = YES;
				IPHONEOS_DEPLOYMENT_TARGET = 16.4;
				MTL_ENABLE_DEBUG_INFO = NO;
				MTL_FAST_MATH = YES;
				SDKROOT = iphoneos;
				SWIFT_COMPILATION_MODE = wholemodule;
				SWIFT_OPTIMIZATION_LEVEL = "-O";
				VALIDATE_PRODUCT = YES;
			};
			name = Release;
		};
		09D02D7329D9599F0075198D /* Debug */ = {
			isa = XCBuildConfiguration;
			buildSettings = {
				ASSETCATALOG_COMPILER_APPICON_NAME = AppIcon;
				ASSETCATALOG_COMPILER_GLOBAL_ACCENT_COLOR_NAME = AccentColor;
				CODE_SIGN_STYLE = Automatic;
				CURRENT_PROJECT_VERSION = 1;
				DEVELOPMENT_ASSET_PATHS = "\"Payback/Preview Content\"";
				DEVELOPMENT_TEAM = TFH2SGDX62;
				ENABLE_PREVIEWS = YES;
				GENERATE_INFOPLIST_FILE = YES;
				INFOPLIST_KEY_UIApplicationSceneManifest_Generation = YES;
				INFOPLIST_KEY_UIApplicationSupportsIndirectInputEvents = YES;
				INFOPLIST_KEY_UILaunchScreen_Generation = YES;
				INFOPLIST_KEY_UISupportedInterfaceOrientations_iPad = "UIInterfaceOrientationPortrait UIInterfaceOrientationPortraitUpsideDown UIInterfaceOrientationLandscapeLeft UIInterfaceOrientationLandscapeRight";
				INFOPLIST_KEY_UISupportedInterfaceOrientations_iPhone = "UIInterfaceOrientationPortrait UIInterfaceOrientationLandscapeLeft UIInterfaceOrientationLandscapeRight";
				IPHONEOS_DEPLOYMENT_TARGET = 16.3;
				LD_RUNPATH_SEARCH_PATHS = (
					"$(inherited)",
					"@executable_path/Frameworks",
				);
				MARKETING_VERSION = 1.0;
				PRODUCT_BUNDLE_IDENTIFIER = com.pronin.Payback2;
				PRODUCT_NAME = "$(TARGET_NAME)";
				SWIFT_EMIT_LOC_STRINGS = YES;
				SWIFT_VERSION = 5.0;
				TARGETED_DEVICE_FAMILY = "1,2";
			};
			name = Debug;
		};
		09D02D7429D9599F0075198D /* Release */ = {
			isa = XCBuildConfiguration;
			buildSettings = {
				ASSETCATALOG_COMPILER_APPICON_NAME = AppIcon;
				ASSETCATALOG_COMPILER_GLOBAL_ACCENT_COLOR_NAME = AccentColor;
				CODE_SIGN_STYLE = Automatic;
				CURRENT_PROJECT_VERSION = 1;
				DEVELOPMENT_ASSET_PATHS = "\"Payback/Preview Content\"";
				DEVELOPMENT_TEAM = TFH2SGDX62;
				ENABLE_PREVIEWS = YES;
				GENERATE_INFOPLIST_FILE = YES;
				INFOPLIST_KEY_UIApplicationSceneManifest_Generation = YES;
				INFOPLIST_KEY_UIApplicationSupportsIndirectInputEvents = YES;
				INFOPLIST_KEY_UILaunchScreen_Generation = YES;
				INFOPLIST_KEY_UISupportedInterfaceOrientations_iPad = "UIInterfaceOrientationPortrait UIInterfaceOrientationPortraitUpsideDown UIInterfaceOrientationLandscapeLeft UIInterfaceOrientationLandscapeRight";
				INFOPLIST_KEY_UISupportedInterfaceOrientations_iPhone = "UIInterfaceOrientationPortrait UIInterfaceOrientationLandscapeLeft UIInterfaceOrientationLandscapeRight";
				IPHONEOS_DEPLOYMENT_TARGET = 16.3;
				LD_RUNPATH_SEARCH_PATHS = (
					"$(inherited)",
					"@executable_path/Frameworks",
				);
				MARKETING_VERSION = 1.0;
				PRODUCT_BUNDLE_IDENTIFIER = com.pronin.Payback2;
				PRODUCT_NAME = "$(TARGET_NAME)";
				SWIFT_EMIT_LOC_STRINGS = YES;
				SWIFT_VERSION = 5.0;
				TARGETED_DEVICE_FAMILY = "1,2";
			};
			name = Release;
		};
		09D02D7629D9599F0075198D /* Debug */ = {
			isa = XCBuildConfiguration;
			buildSettings = {
				ALWAYS_EMBED_SWIFT_STANDARD_LIBRARIES = YES;
				BUNDLE_LOADER = "$(TEST_HOST)";
				CODE_SIGN_STYLE = Automatic;
				CURRENT_PROJECT_VERSION = 1;
				DEVELOPMENT_TEAM = Q8M6V9HM9E;
				GENERATE_INFOPLIST_FILE = YES;
				IPHONEOS_DEPLOYMENT_TARGET = 16.3;
				MARKETING_VERSION = 1.0;
				PRODUCT_BUNDLE_IDENTIFIER = com.pronin.PaybackTests;
				PRODUCT_NAME = "$(TARGET_NAME)";
				SWIFT_EMIT_LOC_STRINGS = NO;
				SWIFT_VERSION = 5.0;
				TARGETED_DEVICE_FAMILY = "1,2";
				TEST_HOST = "$(BUILT_PRODUCTS_DIR)/Payback.app/$(BUNDLE_EXECUTABLE_FOLDER_PATH)/Payback";
			};
			name = Debug;
		};
		09D02D7729D9599F0075198D /* Release */ = {
			isa = XCBuildConfiguration;
			buildSettings = {
				ALWAYS_EMBED_SWIFT_STANDARD_LIBRARIES = YES;
				BUNDLE_LOADER = "$(TEST_HOST)";
				CODE_SIGN_STYLE = Automatic;
				CURRENT_PROJECT_VERSION = 1;
				DEVELOPMENT_TEAM = Q8M6V9HM9E;
				GENERATE_INFOPLIST_FILE = YES;
				IPHONEOS_DEPLOYMENT_TARGET = 16.3;
				MARKETING_VERSION = 1.0;
				PRODUCT_BUNDLE_IDENTIFIER = com.pronin.PaybackTests;
				PRODUCT_NAME = "$(TARGET_NAME)";
				SWIFT_EMIT_LOC_STRINGS = NO;
				SWIFT_VERSION = 5.0;
				TARGETED_DEVICE_FAMILY = "1,2";
				TEST_HOST = "$(BUILT_PRODUCTS_DIR)/Payback.app/$(BUNDLE_EXECUTABLE_FOLDER_PATH)/Payback";
			};
			name = Release;
		};
/* End XCBuildConfiguration section */

/* Begin XCConfigurationList section */
		09D02D4929D9599E0075198D /* Build configuration list for PBXProject "Payback" */ = {
			isa = XCConfigurationList;
			buildConfigurations = (
				09D02D7029D9599F0075198D /* Debug */,
				09D02D7129D9599F0075198D /* Release */,
			);
			defaultConfigurationIsVisible = 0;
			defaultConfigurationName = Release;
		};
		09D02D7229D9599F0075198D /* Build configuration list for PBXNativeTarget "Payback" */ = {
			isa = XCConfigurationList;
			buildConfigurations = (
				09D02D7329D9599F0075198D /* Debug */,
				09D02D7429D9599F0075198D /* Release */,
			);
			defaultConfigurationIsVisible = 0;
			defaultConfigurationName = Release;
		};
		09D02D7529D9599F0075198D /* Build configuration list for PBXNativeTarget "PaybackTests" */ = {
			isa = XCConfigurationList;
			buildConfigurations = (
				09D02D7629D9599F0075198D /* Debug */,
				09D02D7729D9599F0075198D /* Release */,
			);
			defaultConfigurationIsVisible = 0;
			defaultConfigurationName = Release;
		};
/* End XCConfigurationList section */
	};
	rootObject = 09D02D4629D9599E0075198D /* Project object */;
}
